
Microsoft Visual Studio Solution File, Format Version 12.00
# Visual Studio Version 17
VisualStudioVersion = 17.10.35122.118
MinimumVisualStudioVersion = 10.0.40219.1
Project("{FAE04EC0-301F-11D3-BF4B-00C04F79EFBC}") = "DataFirstCRUD", "DataFirstCRUD\DataFirstCRUD.csproj", "{B457BF58-0215-432C-A89C-78F7E9848A3B}"
EndProject
Global
	GlobalSection(SolutionConfigurationPlatforms) = preSolution
		Debug|Any CPU = Debug|Any CPU
		Release|Any CPU = Release|Any CPU
	EndGlobalSection
	GlobalSection(ProjectConfigurationPlatforms) = postSolution
		{B457BF58-0215-432C-A89C-78F7E9848A3B}.Debug|Any CPU.ActiveCfg = Debug|Any CPU
		{B457BF58-0215-432C-A89C-78F7E9848A3B}.Debug|Any CPU.Build.0 = Debug|Any CPU
		{B457BF58-0215-432C-A89C-78F7E9848A3B}.Release|Any CPU.ActiveCfg = Release|Any CPU
		{B457BF58-0215-432C-A89C-78F7E9848A3B}.Release|Any CPU.Build.0 = Release|Any CPU
	EndGlobalSection
	GlobalSection(SolutionProperties) = preSolution
		HideSolutionNode = FALSE
	EndGlobalSection
	GlobalSection(ExtensibilityGlobals) = postSolution
		SolutionGuid = {CF059EAB-4F8A-4090-914C-D6A580BD3D0E}
	EndGlobalSection
EndGlobal
